
Microsoft Visual Studio Solution File, Format Version 12.00
# Visual Studio Version 17
VisualStudioVersion = 17.7.34221.43
MinimumVisualStudioVersion = 10.0.40219.1
Project("{FAE04EC0-301F-11D3-BF4B-00C04F79EFBC}") = "TDDCursusLibrary", "TDDCursusLibrary\TDDCursusLibrary.csproj", "{04B5A850-41C3-43BF-936C-DD4B1B091FA5}"
EndProject
Project("{FAE04EC0-301F-11D3-BF4B-00C04F79EFBC}") = "TDDCursusLibraryTest", "TDDCursusLibraryTest\TDDCursusLibraryTest.csproj", "{9AB603E7-9ABE-42B7-BE5D-3FCFE3BF2451}"
EndProject
Global
	GlobalSection(SolutionConfigurationPlatforms) = preSolution
		Debug|Any CPU = Debug|Any CPU
		Release|Any CPU = Release|Any CPU
	EndGlobalSection
	GlobalSection(ProjectConfigurationPlatforms) = postSolution
		{04B5A850-41C3-43BF-936C-DD4B1B091FA5}.Debug|Any CPU.ActiveCfg = Debug|Any CPU
		{04B5A850-41C3-43BF-936C-DD4B1B091FA5}.Debug|Any CPU.Build.0 = Debug|Any CPU
		{04B5A850-41C3-43BF-936C-DD4B1B091FA5}.Release|Any CPU.ActiveCfg = Release|Any CPU
		{04B5A850-41C3-43BF-936C-DD4B1B091FA5}.Release|Any CPU.Build.0 = Release|Any CPU
		{9AB603E7-9ABE-42B7-BE5D-3FCFE3BF2451}.Debug|Any CPU.ActiveCfg = Debug|Any CPU
		{9AB603E7-9ABE-42B7-BE5D-3FCFE3BF2451}.Debug|Any CPU.Build.0 = Debug|Any CPU
		{9AB603E7-9ABE-42B7-BE5D-3FCFE3BF2451}.Release|Any CPU.ActiveCfg = Release|Any CPU
		{9AB603E7-9ABE-42B7-BE5D-3FCFE3BF2451}.Release|Any CPU.Build.0 = Release|Any CPU
	EndGlobalSection
	GlobalSection(SolutionProperties) = preSolution
		HideSolutionNode = FALSE
	EndGlobalSection
	GlobalSection(ExtensibilityGlobals) = postSolution
		SolutionGuid = {A757F887-B504-4E80-8740-AE14C8FC136E}
	EndGlobalSection
EndGlobal
